
Microsoft Visual Studio Solution File, Format Version 12.00
# Visual Studio Version 17
VisualStudioVersion = 17.4.33110.190
MinimumVisualStudioVersion = 10.0.40219.1
Project("{9A19103F-16F7-4668-BE54-9A1E7A4F7556}") = "ForTheHoard", "ForTheHoard.csproj", "{50F8AAC7-9342-4114-B994-5411915D280B}"
EndProject
Global
	GlobalSection(SolutionConfigurationPlatforms) = preSolution
		Debug|Any CPU = Debug|Any CPU
		Release|Any CPU = Release|Any CPU
	EndGlobalSection
	GlobalSection(ProjectConfigurationPlatforms) = postSolution
		{50F8AAC7-9342-4114-B994-5411915D280B}.Debug|Any CPU.ActiveCfg = Debug|Any CPU
		{50F8AAC7-9342-4114-B994-5411915D280B}.Debug|Any CPU.Build.0 = Debug|Any CPU
		{50F8AAC7-9342-4114-B994-5411915D280B}.Release|Any CPU.ActiveCfg = Release|Any CPU
		{50F8AAC7-9342-4114-B994-5411915D280B}.Release|Any CPU.Build.0 = Release|Any CPU
	EndGlobalSection
	GlobalSection(SolutionProperties) = preSolution
		HideSolutionNode = FALSE
	EndGlobalSection
	GlobalSection(ExtensibilityGlobals) = postSolution
		SolutionGuid = {B3155A4B-6548-4E94-B6C8-99C1A5AE46CF}
	EndGlobalSection
EndGlobal
